// !$*UTF8*$!
{
	archiveVersion = 1;
	classes = {
	};
	objectVersion = 50;
	objects = {

/* Begin PBXBuildFile section */
		7D591E3524AD3B780075A5DA /* AppDelegate.swift in Sources */ = {isa = PBXBuildFile; fileRef = 7D591E3424AD3B780075A5DA /* AppDelegate.swift */; };
		7D591E3724AD3B780075A5DA /* SceneDelegate.swift in Sources */ = {isa = PBXBuildFile; fileRef = 7D591E3624AD3B780075A5DA /* SceneDelegate.swift */; };
		7D591E3924AD3B780075A5DA /* LoginViewController.swift in Sources */ = {isa = PBXBuildFile; fileRef = 7D591E3824AD3B780075A5DA /* LoginViewController.swift */; };
		7D591E3C24AD3B780075A5DA /* Main.storyboard in Resources */ = {isa = PBXBuildFile; fileRef = 7D591E3A24AD3B780075A5DA /* Main.storyboard */; };
		7D591E3E24AD3B7C0075A5DA /* Assets.xcassets in Resources */ = {isa = PBXBuildFile; fileRef = 7D591E3D24AD3B7C0075A5DA /* Assets.xcassets */; };
		7D591E4124AD3B7C0075A5DA /* LaunchScreen.storyboard in Resources */ = {isa = PBXBuildFile; fileRef = 7D591E3F24AD3B7C0075A5DA /* LaunchScreen.storyboard */; };
		7D591E4924AD47ED0075A5DA /* Oswald-VariableFont_wght.ttf in Resources */ = {isa = PBXBuildFile; fileRef = 7D591E4824AD47ED0075A5DA /* Oswald-VariableFont_wght.ttf */; };
		7D591E5024AD52DB0075A5DA /* PhotoSelectionViewController.swift in Sources */ = {isa = PBXBuildFile; fileRef = 7D591E4F24AD52DB0075A5DA /* PhotoSelectionViewController.swift */; };
		7DF2DAEA24B3B8FE001D008F /* PhotosOrRecipesViewController.swift in Sources */ = {isa = PBXBuildFile; fileRef = 7DF2DAE924B3B8FE001D008F /* PhotosOrRecipesViewController.swift */; };
/* End PBXBuildFile section */

/* Begin PBXFileReference section */
		7D591E3124AD3B780075A5DA /* RecipixSwift.app */ = {isa = PBXFileReference; explicitFileType = wrapper.application; includeInIndex = 0; path = RecipixSwift.app; sourceTree = BUILT_PRODUCTS_DIR; };
		7D591E3424AD3B780075A5DA /* AppDelegate.swift */ = {isa = PBXFileReference; lastKnownFileType = sourcecode.swift; path = AppDelegate.swift; sourceTree = "<group>"; };
		7D591E3624AD3B780075A5DA /* SceneDelegate.swift */ = {isa = PBXFileReference; lastKnownFileType = sourcecode.swift; path = SceneDelegate.swift; sourceTree = "<group>"; };
		7D591E3824AD3B780075A5DA /* LoginViewController.swift */ = {isa = PBXFileReference; lastKnownFileType = sourcecode.swift; path = LoginViewController.swift; sourceTree = "<group>"; };
		7D591E3B24AD3B780075A5DA /* Base */ = {isa = PBXFileReference; lastKnownFileType = file.storyboard; name = Base; path = Base.lproj/Main.storyboard; sourceTree = "<group>"; };
		7D591E3D24AD3B7C0075A5DA /* Assets.xcassets */ = {isa = PBXFileReference; lastKnownFileType = folder.assetcatalog; path = Assets.xcassets; sourceTree = "<group>"; };
		7D591E4024AD3B7C0075A5DA /* Base */ = {isa = PBXFileReference; lastKnownFileType = file.storyboard; name = Base; path = Base.lproj/LaunchScreen.storyboard; sourceTree = "<group>"; };
		7D591E4224AD3B7C0075A5DA /* Info.plist */ = {isa = PBXFileReference; lastKnownFileType = text.plist.xml; path = Info.plist; sourceTree = "<group>"; };
		7D591E4824AD47ED0075A5DA /* Oswald-VariableFont_wght.ttf */ = {isa = PBXFileReference; lastKnownFileType = file; path = "Oswald-VariableFont_wght.ttf"; sourceTree = "<group>"; };
		7D591E4F24AD52DB0075A5DA /* PhotoSelectionViewController.swift */ = {isa = PBXFileReference; lastKnownFileType = sourcecode.swift; name = PhotoSelectionViewController.swift; path = RecipixSwift/Controllers/PhotoSelectionViewController.swift; sourceTree = SOURCE_ROOT; };
		7DF2DAE924B3B8FE001D008F /* PhotosOrRecipesViewController.swift */ = {isa = PBXFileReference; lastKnownFileType = sourcecode.swift; path = PhotosOrRecipesViewController.swift; sourceTree = "<group>"; };
/* End PBXFileReference section */

/* Begin PBXFrameworksBuildPhase section */
		7D591E2E24AD3B780075A5DA /* Frameworks */ = {
			isa = PBXFrameworksBuildPhase;
			buildActionMask = 2147483647;
			files = (
			);
			runOnlyForDeploymentPostprocessing = 0;
		};
/* End PBXFrameworksBuildPhase section */

/* Begin PBXGroup section */
		7D591E2824AD3B770075A5DA = {
			isa = PBXGroup;
			children = (
				7D591E3324AD3B780075A5DA /* RecipixSwift */,
				7D591E3224AD3B780075A5DA /* Products */,
				7D591E4A24AD47F20075A5DA /* Fonts */,
			);
			sourceTree = "<group>";
		};
		7D591E3224AD3B780075A5DA /* Products */ = {
			isa = PBXGroup;
			children = (
				7D591E3124AD3B780075A5DA /* RecipixSwift.app */,
			);
			name = Products;
			sourceTree = "<group>";
		};
		7D591E3324AD3B780075A5DA /* RecipixSwift */ = {
			isa = PBXGroup;
			children = (
				7D591E3424AD3B780075A5DA /* AppDelegate.swift */,
				7D591E3624AD3B780075A5DA /* SceneDelegate.swift */,
				7D591E4E24AD52390075A5DA /* Models */,
				7D591E4D24AD52190075A5DA /* Controllers */,
				7D591E4C24AD52060075A5DA /* Views */,
				7D591E3D24AD3B7C0075A5DA /* Assets.xcassets */,
				7D591E3F24AD3B7C0075A5DA /* LaunchScreen.storyboard */,
				7D591E4224AD3B7C0075A5DA /* Info.plist */,
			);
			path = RecipixSwift;
			sourceTree = "<group>";
		};
		7D591E4A24AD47F20075A5DA /* Fonts */ = {
			isa = PBXGroup;
			children = (
				7D591E4824AD47ED0075A5DA /* Oswald-VariableFont_wght.ttf */,
			);
			path = Fonts;
			sourceTree = "<group>";
		};
		7D591E4C24AD52060075A5DA /* Views */ = {
			isa = PBXGroup;
			children = (
				7D591E3A24AD3B780075A5DA /* Main.storyboard */,
			);
			path = Views;
			sourceTree = "<group>";
		};
		7D591E4D24AD52190075A5DA /* Controllers */ = {
			isa = PBXGroup;
			children = (
				7D591E4F24AD52DB0075A5DA /* PhotoSelectionViewController.swift */,
				7D591E3824AD3B780075A5DA /* LoginViewController.swift */,
				7DF2DAE924B3B8FE001D008F /* PhotosOrRecipesViewController.swift */,
			);
			path = Controllers;
			sourceTree = "<group>";
		};
		7D591E4E24AD52390075A5DA /* Models */ = {
			isa = PBXGroup;
			children = (
			);
			path = Models;
			sourceTree = "<group>";
		};
/* End PBXGroup section */

/* Begin PBXNativeTarget section */
		7D591E3024AD3B780075A5DA /* RecipixSwift */ = {
			isa = PBXNativeTarget;
			buildConfigurationList = 7D591E4524AD3B7C0075A5DA /* Build configuration list for PBXNativeTarget "RecipixSwift" */;
			buildPhases = (
				7D591E2D24AD3B780075A5DA /* Sources */,
				7D591E2E24AD3B780075A5DA /* Frameworks */,
				7D591E2F24AD3B780075A5DA /* Resources */,
			);
			buildRules = (
			);
			dependencies = (
			);
			name = RecipixSwift;
			productName = RecipixSwift;
			productReference = 7D591E3124AD3B780075A5DA /* RecipixSwift.app */;
			productType = "com.apple.product-type.application";
		};
/* End PBXNativeTarget section */

/* Begin PBXProject section */
		7D591E2924AD3B770075A5DA /* Project object */ = {
			isa = PBXProject;
			attributes = {
				LastSwiftUpdateCheck = 1140;
				LastUpgradeCheck = 1140;
				ORGANIZATIONNAME = "Ann-Marie Kemp";
				TargetAttributes = {
					7D591E3024AD3B780075A5DA = {
						CreatedOnToolsVersion = 11.4;
					};
				};
			};
			buildConfigurationList = 7D591E2C24AD3B770075A5DA /* Build configuration list for PBXProject "RecipixSwift" */;
			compatibilityVersion = "Xcode 9.3";
			developmentRegion = en;
			hasScannedForEncodings = 0;
			knownRegions = (
				en,
				Base,
			);
			mainGroup = 7D591E2824AD3B770075A5DA;
			productRefGroup = 7D591E3224AD3B780075A5DA /* Products */;
			projectDirPath = "";
			projectRoot = "";
			targets = (
				7D591E3024AD3B780075A5DA /* RecipixSwift */,
			);
		};
/* End PBXProject section */

/* Begin PBXResourcesBuildPhase section */
		7D591E2F24AD3B780075A5DA /* Resources */ = {
			isa = PBXResourcesBuildPhase;
			buildActionMask = 2147483647;
			files = (
				7D591E4124AD3B7C0075A5DA /* LaunchScreen.storyboard in Resources */,
				7D591E4924AD47ED0075A5DA /* Oswald-VariableFont_wght.ttf in Resources */,
				7D591E3E24AD3B7C0075A5DA /* Assets.xcassets in Resources */,
				7D591E3C24AD3B780075A5DA /* Main.storyboard in Resources */,
			);
			runOnlyForDeploymentPostprocessing = 0;
		};
/* End PBXResourcesBuildPhase section */

/* Begin PBXSourcesBuildPhase section */
		7D591E2D24AD3B780075A5DA /* Sources */ = {
			isa = PBXSourcesBuildPhase;
			buildActionMask = 2147483647;
			files = (
				7DF2DAEA24B3B8FE001D008F /* PhotosOrRecipesViewController.swift in Sources */,
				7D591E5024AD52DB0075A5DA /* PhotoSelectionViewController.swift in Sources */,
				7D591E3924AD3B780075A5DA /* LoginViewController.swift in Sources */,
				7D591E3524AD3B780075A5DA /* AppDelegate.swift in Sources */,
				7D591E3724AD3B780075A5DA /* SceneDelegate.swift in Sources */,
			);
			runOnlyForDeploymentPostprocessing = 0;
		};
/* End PBXSourcesBuildPhase section */

/* Begin PBXVariantGroup section */
		7D591E3A24AD3B780075A5DA /* Main.storyboard */ = {
			isa = PBXVariantGroup;
			children = (
				7D591E3B24AD3B780075A5DA /* Base */,
			);
			name = Main.storyboard;
			sourceTree = "<group>";
		};
		7D591E3F24AD3B7C0075A5DA /* LaunchScreen.storyboard */ = {
			isa = PBXVariantGroup;
			children = (
				7D591E4024AD3B7C0075A5DA /* Base */,
			);
			name = LaunchScreen.storyboard;
			sourceTree = "<group>";
		};
/* End PBXVariantGroup section */

/* Begin XCBuildConfiguration section */
		7D591E4324AD3B7C0075A5DA /* Debug */ = {
			isa = XCBuildConfiguration;
			buildSettings = {
				ALWAYS_SEARCH_USER_PATHS = NO;
				CLANG_ANALYZER_NONNULL = YES;
				CLANG_ANALYZER_NUMBER_OBJECT_CONVERSION = YES_AGGRESSIVE;
				CLANG_CXX_LANGUAGE_STANDARD = "gnu++14";
				CLANG_CXX_LIBRARY = "libc++";
				CLANG_ENABLE_MODULES = YES;
				CLANG_ENABLE_OBJC_ARC = YES;
				CLANG_ENABLE_OBJC_WEAK = YES;
				CLANG_WARN_BLOCK_CAPTURE_AUTORELEASING = YES;
				CLANG_WARN_BOOL_CONVERSION = YES;
				CLANG_WARN_COMMA = YES;
				CLANG_WARN_CONSTANT_CONVERSION = YES;
				CLANG_WARN_DEPRECATED_OBJC_IMPLEMENTATIONS = YES;
				CLANG_WARN_DIRECT_OBJC_ISA_USAGE = YES_ERROR;
				CLANG_WARN_DOCUMENTATION_COMMENTS = YES;
				CLANG_WARN_EMPTY_BODY = YES;
				CLANG_WARN_ENUM_CONVERSION = YES;
				CLANG_WARN_INFINITE_RECURSION = YES;
				CLANG_WARN_INT_CONVERSION = YES;
				CLANG_WARN_NON_LITERAL_NULL_CONVERSION = YES;
				CLANG_WARN_OBJC_IMPLICIT_RETAIN_SELF = YES;
				CLANG_WARN_OBJC_LITERAL_CONVERSION = YES;
				CLANG_WARN_OBJC_ROOT_CLASS = YES_ERROR;
				CLANG_WARN_RANGE_LOOP_ANALYSIS = YES;
				CLANG_WARN_STRICT_PROTOTYPES = YES;
				CLANG_WARN_SUSPICIOUS_MOVE = YES;
				CLANG_WARN_UNGUARDED_AVAILABILITY = YES_AGGRESSIVE;
				CLANG_WARN_UNREACHABLE_CODE = YES;
				CLANG_WARN__DUPLICATE_METHOD_MATCH = YES;
				COPY_PHASE_STRIP = NO;
				DEBUG_INFORMATION_FORMAT = dwarf;
				ENABLE_STRICT_OBJC_MSGSEND = YES;
				ENABLE_TESTABILITY = YES;
				GCC_C_LANGUAGE_STANDARD = gnu11;
				GCC_DYNAMIC_NO_PIC = NO;
				GCC_NO_COMMON_BLOCKS = YES;
				GCC_OPTIMIZATION_LEVEL = 0;
				GCC_PREPROCESSOR_DEFINITIONS = (
					"DEBUG=1",
					"$(inherited)",
				);
				GCC_WARN_64_TO_32_BIT_CONVERSION = YES;
				GCC_WARN_ABOUT_RETURN_TYPE = YES_ERROR;
				GCC_WARN_UNDECLARED_SELECTOR = YES;
				GCC_WARN_UNINITIALIZED_AUTOS = YES_AGGRESSIVE;
				GCC_WARN_UNUSED_FUNCTION = YES;
				GCC_WARN_UNUSED_VARIABLE = YES;
				IPHONEOS_DEPLOYMENT_TARGET = 13.4;
				MTL_ENABLE_DEBUG_INFO = INCLUDE_SOURCE;
				MTL_FAST_MATH = YES;
				ONLY_ACTIVE_ARCH = YES;
				SDKROOT = iphoneos;
				SWIFT_ACTIVE_COMPILATION_CONDITIONS = DEBUG;
				SWIFT_OPTIMIZATION_LEVEL = "-Onone";
			};
			name = Debug;
		};
		7D591E4424AD3B7C0075A5DA /* Release */ = {
			isa = XCBuildConfiguration;
			buildSettings = {
				ALWAYS_SEARCH_USER_PATHS = NO;
				CLANG_ANALYZER_NONNULL = YES;
				CLANG_ANALYZER_NUMBER_OBJECT_CONVERSION = YES_AGGRESSIVE;
				CLANG_CXX_LANGUAGE_STANDARD = "gnu++14";
				CLANG_CXX_LIBRARY = "libc++";
				CLANG_ENABLE_MODULES = YES;
				CLANG_ENABLE_OBJC_ARC = YES;
				CLANG_ENABLE_OBJC_WEAK = YES;
				CLANG_WARN_BLOCK_CAPTURE_AUTORELEASING = YES;
				CLANG_WARN_BOOL_CONVERSION = YES;
				CLANG_WARN_COMMA = YES;
				CLANG_WARN_CONSTANT_CONVERSION = YES;
				CLANG_WARN_DEPRECATED_OBJC_IMPLEMENTATIONS = YES;
				CLANG_WARN_DIRECT_OBJC_ISA_USAGE = YES_ERROR;
				CLANG_WARN_DOCUMENTATION_COMMENTS = YES;
				CLANG_WARN_EMPTY_BODY = YES;
				CLANG_WARN_ENUM_CONVERSION = YES;
				CLANG_WARN_INFINITE_RECURSION = YES;
				CLANG_WARN_INT_CONVERSION = YES;
				CLANG_WARN_NON_LITERAL_NULL_CONVERSION = YES;
				CLANG_WARN_OBJC_IMPLICIT_RETAIN_SELF = YES;
				CLANG_WARN_OBJC_LITERAL_CONVERSION = YES;
				CLANG_WARN_OBJC_ROOT_CLASS = YES_ERROR;
				CLANG_WARN_RANGE_LOOP_ANALYSIS = YES;
				CLANG_WARN_STRICT_PROTOTYPES = YES;
				CLANG_WARN_SUSPICIOUS_MOVE = YES;
				CLANG_WARN_UNGUARDED_AVAILABILITY = YES_AGGRESSIVE;
				CLANG_WARN_UNREACHABLE_CODE = YES;
				CLANG_WARN__DUPLICATE_METHOD_MATCH = YES;
				COPY_PHASE_STRIP = NO;
				DEBUG_INFORMATION_FORMAT = "dwarf-with-dsym";
				ENABLE_NS_ASSERTIONS = NO;
				ENABLE_STRICT_OBJC_MSGSEND = YES;
				GCC_C_LANGUAGE_STANDARD = gnu11;
				GCC_NO_COMMON_BLOCKS = YES;
				GCC_WARN_64_TO_32_BIT_CONVERSION = YES;
				GCC_WARN_ABOUT_RETURN_TYPE = YES_ERROR;
				GCC_WARN_UNDECLARED_SELECTOR = YES;
				GCC_WARN_UNINITIALIZED_AUTOS = YES_AGGRESSIVE;
				GCC_WARN_UNUSED_FUNCTION = YES;
				GCC_WARN_UNUSED_VARIABLE = YES;
				IPHONEOS_DEPLOYMENT_TARGET = 13.4;
				MTL_ENABLE_DEBUG_INFO = NO;
				MTL_FAST_MATH = YES;
				SDKROOT = iphoneos;
				SWIFT_COMPILATION_MODE = wholemodule;
				SWIFT_OPTIMIZATION_LEVEL = "-O";
				VALIDATE_PRODUCT = YES;
			};
			name = Release;
		};
		7D591E4624AD3B7C0075A5DA /* Debug */ = {
			isa = XCBuildConfiguration;
			buildSettings = {
				ASSETCATALOG_COMPILER_APPICON_NAME = AppIcon;
				CODE_SIGN_STYLE = Automatic;
				DEVELOPMENT_TEAM = BJWUGDH336;
				INFOPLIST_FILE = RecipixSwift/Info.plist;
				LD_RUNPATH_SEARCH_PATHS = (
					"$(inherited)",
					"@executable_path/Frameworks",
				);
				PRODUCT_BUNDLE_IDENTIFIER = "com.a-mkemp.RecipixSwift";
				PRODUCT_NAME = "$(TARGET_NAME)";
				SWIFT_VERSION = 5.0;
				TARGETED_DEVICE_FAMILY = "1,2";
			};
			name = Debug;
		};
		7D591E4724AD3B7C0075A5DA /* Release */ = {
			isa = XCBuildConfiguration;
			buildSettings = {
				ASSETCATALOG_COMPILER_APPICON_NAME = AppIcon;
				CODE_SIGN_STYLE = Automatic;
				DEVELOPMENT_TEAM = BJWUGDH336;
				INFOPLIST_FILE = RecipixSwift/Info.plist;
				LD_RUNPATH_SEARCH_PATHS = (
					"$(inherited)",
					"@executable_path/Frameworks",
				);
				PRODUCT_BUNDLE_IDENTIFIER = "com.a-mkemp.RecipixSwift";
				PRODUCT_NAME = "$(TARGET_NAME)";
				SWIFT_VERSION = 5.0;
				TARGETED_DEVICE_FAMILY = "1,2";
			};
			name = Release;
		};
/* End XCBuildConfiguration section */

/* Begin XCConfigurationList section */
		7D591E2C24AD3B770075A5DA /* Build configuration list for PBXProject "RecipixSwift" */ = {
			isa = XCConfigurationList;
			buildConfigurations = (
				7D591E4324AD3B7C0075A5DA /* Debug */,
				7D591E4424AD3B7C0075A5DA /* Release */,
			);
			defaultConfigurationIsVisible = 0;
			defaultConfigurationName = Release;
		};
		7D591E4524AD3B7C0075A5DA /* Build configuration list for PBXNativeTarget "RecipixSwift" */ = {
			isa = XCConfigurationList;
			buildConfigurations = (
				7D591E4624AD3B7C0075A5DA /* Debug */,
				7D591E4724AD3B7C0075A5DA /* Release */,
			);
			defaultConfigurationIsVisible = 0;
			defaultConfigurationName = Release;
		};
/* End XCConfigurationList section */
	};
	rootObject = 7D591E2924AD3B770075A5DA /* Project object */;
}
